// !$*UTF8*$!
{
	archiveVersion = 1;
	classes = {
	};
	objectVersion = 56;
	objects = {

/* Begin PBXBuildFile section */
		36BFBA072BFCEBB3007D4770 /* StyleScribeApp.swift in Sources */ = {isa = PBXBuildFile; fileRef = 36BFBA062BFCEBB3007D4770 /* StyleScribeApp.swift */; };
		36BFBA092BFCEBB3007D4770 /* ContentView.swift in Sources */ = {isa = PBXBuildFile; fileRef = 36BFBA082BFCEBB3007D4770 /* ContentView.swift */; };
		36BFBA0B2BFCEBB4007D4770 /* Assets.xcassets in Resources */ = {isa = PBXBuildFile; fileRef = 36BFBA0A2BFCEBB4007D4770 /* Assets.xcassets */; };
		36BFBA0E2BFCEBB4007D4770 /* Preview Assets.xcassets in Resources */ = {isa = PBXBuildFile; fileRef = 36BFBA0D2BFCEBB4007D4770 /* Preview Assets.xcassets */; };
		36BFBA152BFCEBF1007D4770 /* DescriptionData.swift in Sources */ = {isa = PBXBuildFile; fileRef = 36BFBA142BFCEBF1007D4770 /* DescriptionData.swift */; };
		36BFBA232BFD064F007D4770 /* Asymmetric.png in Resources */ = {isa = PBXBuildFile; fileRef = 36BFBA162BFD064F007D4770 /* Asymmetric.png */; };
		36BFBA242BFD064F007D4770 /* boat.png in Resources */ = {isa = PBXBuildFile; fileRef = 36BFBA172BFD064F007D4770 /* boat.png */; };
		36BFBA252BFD064F007D4770 /* crewNeck.png in Resources */ = {isa = PBXBuildFile; fileRef = 36BFBA182BFD064F007D4770 /* crewNeck.png */; };
		36BFBA262BFD064F007D4770 /* illusion.png in Resources */ = {isa = PBXBuildFile; fileRef = 36BFBA192BFD064F007D4770 /* illusion.png */; };
		36BFBA272BFD064F007D4770 /* keyHole.png in Resources */ = {isa = PBXBuildFile; fileRef = 36BFBA1A2BFD064F007D4770 /* keyHole.png */; };
		36BFBA282BFD064F007D4770 /* QueenAnne.png in Resources */ = {isa = PBXBuildFile; fileRef = 36BFBA1B2BFD064F007D4770 /* QueenAnne.png */; };
		36BFBA292BFD064F007D4770 /* scoop.png in Resources */ = {isa = PBXBuildFile; fileRef = 36BFBA1C2BFD064F007D4770 /* scoop.png */; };
		36BFBA2A2BFD064F007D4770 /* semiSweetheart.png in Resources */ = {isa = PBXBuildFile; fileRef = 36BFBA1D2BFD064F007D4770 /* semiSweetheart.png */; };
		36BFBA2B2BFD064F007D4770 /* square.png in Resources */ = {isa = PBXBuildFile; fileRef = 36BFBA1E2BFD064F007D4770 /* square.png */; };
		36BFBA2C2BFD064F007D4770 /* sweetheart.png in Resources */ = {isa = PBXBuildFile; fileRef = 36BFBA1F2BFD064F007D4770 /* sweetheart.png */; };
		36BFBA2D2BFD064F007D4770 /* turtle.png in Resources */ = {isa = PBXBuildFile; fileRef = 36BFBA202BFD064F007D4770 /* turtle.png */; };
		36BFBA2E2BFD064F007D4770 /* vNeck.png in Resources */ = {isa = PBXBuildFile; fileRef = 36BFBA212BFD064F007D4770 /* vNeck.png */; };
		36BFBA302BFD0F2A007D4770 /* ButtonView.swift in Sources */ = {isa = PBXBuildFile; fileRef = 36BFBA2F2BFD0F2A007D4770 /* ButtonView.swift */; };
		36BFBA392BFD1423007D4770 /* Dresses.png in Resources */ = {isa = PBXBuildFile; fileRef = 36BFBA312BFD1423007D4770 /* Dresses.png */; };
		36BFBA3A2BFD1423007D4770 /* Jackets.png in Resources */ = {isa = PBXBuildFile; fileRef = 36BFBA322BFD1423007D4770 /* Jackets.png */; };
		36BFBA3B2BFD1423007D4770 /* Pants.png in Resources */ = {isa = PBXBuildFile; fileRef = 36BFBA332BFD1423007D4770 /* Pants.png */; };
		36BFBA3C2BFD1423007D4770 /* Shirts.png in Resources */ = {isa = PBXBuildFile; fileRef = 36BFBA342BFD1423007D4770 /* Shirts.png */; };
		36BFBA3D2BFD1423007D4770 /* Shorts.png in Resources */ = {isa = PBXBuildFile; fileRef = 36BFBA352BFD1423007D4770 /* Shorts.png */; };
		36BFBA3E2BFD1423007D4770 /* Skirts.png in Resources */ = {isa = PBXBuildFile; fileRef = 36BFBA362BFD1423007D4770 /* Skirts.png */; };
		36BFBA3F2BFD1423007D4770 /* Sweaters.png in Resources */ = {isa = PBXBuildFile; fileRef = 36BFBA372BFD1423007D4770 /* Sweaters.png */; };
		36BFBA5B2BFD1C29007D4770 /* LazyGridView.swift in Sources */ = {isa = PBXBuildFile; fileRef = 36BFBA5A2BFD1C29007D4770 /* LazyGridView.swift */; };
		36BFBA5D2BFD358B007D4770 /* SelectionView.swift in Sources */ = {isa = PBXBuildFile; fileRef = 36BFBA5C2BFD358B007D4770 /* SelectionView.swift */; };
		36BFBA5F2BFD4486007D4770 /* SelectionSummaryView.swift in Sources */ = {isa = PBXBuildFile; fileRef = 36BFBA5E2BFD4486007D4770 /* SelectionSummaryView.swift */; };
		36BFBA612BFE4E82007D4770 /* MaterialView.swift in Sources */ = {isa = PBXBuildFile; fileRef = 36BFBA602BFE4E82007D4770 /* MaterialView.swift */; };
		36BFBA632BFE5F5F007D4770 /* AdditionalDetailsView.swift in Sources */ = {isa = PBXBuildFile; fileRef = 36BFBA622BFE5F5F007D4770 /* AdditionalDetailsView.swift */; };
		36BFBA652BFE60AA007D4770 /* BrandList.swift in Sources */ = {isa = PBXBuildFile; fileRef = 36BFBA642BFE60AA007D4770 /* BrandList.swift */; };
		36BFBA672BFFA272007D4770 /* ColorPickerView.swift in Sources */ = {isa = PBXBuildFile; fileRef = 36BFBA662BFFA272007D4770 /* ColorPickerView.swift */; };
		36BFBA6B2C07831A007D4770 /* BrandPickerView.swift in Sources */ = {isa = PBXBuildFile; fileRef = 36BFBA6A2C07831A007D4770 /* BrandPickerView.swift */; };
		36BFBA712C07B655007D4770 /* TitleView.swift in Sources */ = {isa = PBXBuildFile; fileRef = 36BFBA702C07B655007D4770 /* TitleView.swift */; };
		36BFBA732C07C2A4007D4770 /* DescriptionView.swift in Sources */ = {isa = PBXBuildFile; fileRef = 36BFBA722C07C2A4007D4770 /* DescriptionView.swift */; };
/* End PBXBuildFile section */

/* Begin PBXFileReference section */
		36BFBA032BFCEBB3007D4770 /* StyleScribe.app */ = {isa = PBXFileReference; explicitFileType = wrapper.application; includeInIndex = 0; path = StyleScribe.app; sourceTree = BUILT_PRODUCTS_DIR; };
		36BFBA062BFCEBB3007D4770 /* StyleScribeApp.swift */ = {isa = PBXFileReference; lastKnownFileType = sourcecode.swift; path = StyleScribeApp.swift; sourceTree = "<group>"; };
		36BFBA082BFCEBB3007D4770 /* ContentView.swift */ = {isa = PBXFileReference; lastKnownFileType = sourcecode.swift; path = ContentView.swift; sourceTree = "<group>"; };
		36BFBA0A2BFCEBB4007D4770 /* Assets.xcassets */ = {isa = PBXFileReference; lastKnownFileType = folder.assetcatalog; path = Assets.xcassets; sourceTree = "<group>"; };
		36BFBA0D2BFCEBB4007D4770 /* Preview Assets.xcassets */ = {isa = PBXFileReference; lastKnownFileType = folder.assetcatalog; path = "Preview Assets.xcassets"; sourceTree = "<group>"; };
		36BFBA142BFCEBF1007D4770 /* DescriptionData.swift */ = {isa = PBXFileReference; lastKnownFileType = sourcecode.swift; path = DescriptionData.swift; sourceTree = "<group>"; };
		36BFBA162BFD064F007D4770 /* Asymmetric.png */ = {isa = PBXFileReference; lastKnownFileType = image.png; path = Asymmetric.png; sourceTree = "<group>"; };
		36BFBA172BFD064F007D4770 /* boat.png */ = {isa = PBXFileReference; lastKnownFileType = image.png; path = boat.png; sourceTree = "<group>"; };
		36BFBA182BFD064F007D4770 /* crewNeck.png */ = {isa = PBXFileReference; lastKnownFileType = image.png; path = crewNeck.png; sourceTree = "<group>"; };
		36BFBA192BFD064F007D4770 /* illusion.png */ = {isa = PBXFileReference; lastKnownFileType = image.png; path = illusion.png; sourceTree = "<group>"; };
		36BFBA1A2BFD064F007D4770 /* keyHole.png */ = {isa = PBXFileReference; lastKnownFileType = image.png; path = keyHole.png; sourceTree = "<group>"; };
		36BFBA1B2BFD064F007D4770 /* QueenAnne.png */ = {isa = PBXFileReference; lastKnownFileType = image.png; path = QueenAnne.png; sourceTree = "<group>"; };
		36BFBA1C2BFD064F007D4770 /* scoop.png */ = {isa = PBXFileReference; lastKnownFileType = image.png; path = scoop.png; sourceTree = "<group>"; };
		36BFBA1D2BFD064F007D4770 /* semiSweetheart.png */ = {isa = PBXFileReference; lastKnownFileType = image.png; path = semiSweetheart.png; sourceTree = "<group>"; };
		36BFBA1E2BFD064F007D4770 /* square.png */ = {isa = PBXFileReference; lastKnownFileType = image.png; path = square.png; sourceTree = "<group>"; };
		36BFBA1F2BFD064F007D4770 /* sweetheart.png */ = {isa = PBXFileReference; lastKnownFileType = image.png; path = sweetheart.png; sourceTree = "<group>"; };
		36BFBA202BFD064F007D4770 /* turtle.png */ = {isa = PBXFileReference; lastKnownFileType = image.png; path = turtle.png; sourceTree = "<group>"; };
		36BFBA212BFD064F007D4770 /* vNeck.png */ = {isa = PBXFileReference; lastKnownFileType = image.png; path = vNeck.png; sourceTree = "<group>"; };
		36BFBA2F2BFD0F2A007D4770 /* ButtonView.swift */ = {isa = PBXFileReference; lastKnownFileType = sourcecode.swift; path = ButtonView.swift; sourceTree = "<group>"; };
		36BFBA312BFD1423007D4770 /* Dresses.png */ = {isa = PBXFileReference; lastKnownFileType = image.png; path = Dresses.png; sourceTree = "<group>"; };
		36BFBA322BFD1423007D4770 /* Jackets.png */ = {isa = PBXFileReference; lastKnownFileType = image.png; path = Jackets.png; sourceTree = "<group>"; };
		36BFBA332BFD1423007D4770 /* Pants.png */ = {isa = PBXFileReference; lastKnownFileType = image.png; path = Pants.png; sourceTree = "<group>"; };
		36BFBA342BFD1423007D4770 /* Shirts.png */ = {isa = PBXFileReference; lastKnownFileType = image.png; path = Shirts.png; sourceTree = "<group>"; };
		36BFBA352BFD1423007D4770 /* Shorts.png */ = {isa = PBXFileReference; lastKnownFileType = image.png; path = Shorts.png; sourceTree = "<group>"; };
		36BFBA362BFD1423007D4770 /* Skirts.png */ = {isa = PBXFileReference; lastKnownFileType = image.png; path = Skirts.png; sourceTree = "<group>"; };
		36BFBA372BFD1423007D4770 /* Sweaters.png */ = {isa = PBXFileReference; lastKnownFileType = image.png; path = Sweaters.png; sourceTree = "<group>"; };
		36BFBA512BFD1433007D4770 /* Skirts.png */ = {isa = PBXFileReference; lastKnownFileType = image.png; path = Skirts.png; sourceTree = "<group>"; };
		36BFBA522BFD1433007D4770 /* Sweaters.png */ = {isa = PBXFileReference; lastKnownFileType = image.png; path = Sweaters.png; sourceTree = "<group>"; };
		36BFBA532BFD1433007D4770 /* Shirts.png */ = {isa = PBXFileReference; lastKnownFileType = image.png; path = Shirts.png; sourceTree = "<group>"; };
		36BFBA542BFD1433007D4770 /* Shorts.png */ = {isa = PBXFileReference; lastKnownFileType = image.png; path = Shorts.png; sourceTree = "<group>"; };
		36BFBA552BFD1433007D4770 /* Jackets.png */ = {isa = PBXFileReference; lastKnownFileType = image.png; path = Jackets.png; sourceTree = "<group>"; };
		36BFBA562BFD1433007D4770 /* Pants.png */ = {isa = PBXFileReference; lastKnownFileType = image.png; path = Pants.png; sourceTree = "<group>"; };
		36BFBA572BFD1433007D4770 /* Dresses.png */ = {isa = PBXFileReference; lastKnownFileType = image.png; path = Dresses.png; sourceTree = "<group>"; };
		36BFBA5A2BFD1C29007D4770 /* LazyGridView.swift */ = {isa = PBXFileReference; lastKnownFileType = sourcecode.swift; path = LazyGridView.swift; sourceTree = "<group>"; };
		36BFBA5C2BFD358B007D4770 /* SelectionView.swift */ = {isa = PBXFileReference; lastKnownFileType = sourcecode.swift; path = SelectionView.swift; sourceTree = "<group>"; };
		36BFBA5E2BFD4486007D4770 /* SelectionSummaryView.swift */ = {isa = PBXFileReference; lastKnownFileType = sourcecode.swift; path = SelectionSummaryView.swift; sourceTree = "<group>"; };
		36BFBA602BFE4E82007D4770 /* MaterialView.swift */ = {isa = PBXFileReference; lastKnownFileType = sourcecode.swift; path = MaterialView.swift; sourceTree = "<group>"; };
		36BFBA622BFE5F5F007D4770 /* AdditionalDetailsView.swift */ = {isa = PBXFileReference; lastKnownFileType = sourcecode.swift; path = AdditionalDetailsView.swift; sourceTree = "<group>"; };
		36BFBA642BFE60AA007D4770 /* BrandList.swift */ = {isa = PBXFileReference; lastKnownFileType = sourcecode.swift; path = BrandList.swift; sourceTree = "<group>"; };
		36BFBA662BFFA272007D4770 /* ColorPickerView.swift */ = {isa = PBXFileReference; lastKnownFileType = sourcecode.swift; path = ColorPickerView.swift; sourceTree = "<group>"; };
		36BFBA6A2C07831A007D4770 /* BrandPickerView.swift */ = {isa = PBXFileReference; lastKnownFileType = sourcecode.swift; path = BrandPickerView.swift; sourceTree = "<group>"; };
		36BFBA702C07B655007D4770 /* TitleView.swift */ = {isa = PBXFileReference; lastKnownFileType = sourcecode.swift; path = TitleView.swift; sourceTree = "<group>"; };
		36BFBA722C07C2A4007D4770 /* DescriptionView.swift */ = {isa = PBXFileReference; lastKnownFileType = sourcecode.swift; path = DescriptionView.swift; sourceTree = "<group>"; };
/* End PBXFileReference section */

/* Begin PBXFrameworksBuildPhase section */
		36BFBA002BFCEBB3007D4770 /* Frameworks */ = {
			isa = PBXFrameworksBuildPhase;
			buildActionMask = 2147483647;
			files = (
			);
			runOnlyForDeploymentPostprocessing = 0;
		};
/* End PBXFrameworksBuildPhase section */

/* Begin PBXGroup section */
		36BFB9FA2BFCEBB3007D4770 = {
			isa = PBXGroup;
			children = (
				36BFBA382BFD1423007D4770 /* ClothingCategories */,
				36BFBA052BFCEBB3007D4770 /* StyleScribe */,
				36BFBA042BFCEBB3007D4770 /* Products */,
			);
			sourceTree = "<group>";
		};
		36BFBA042BFCEBB3007D4770 /* Products */ = {
			isa = PBXGroup;
			children = (
				36BFBA032BFCEBB3007D4770 /* StyleScribe.app */,
			);
			name = Products;
			sourceTree = "<group>";
		};
		36BFBA052BFCEBB3007D4770 /* StyleScribe */ = {
			isa = PBXGroup;
			children = (
				36BFBA062BFCEBB3007D4770 /* StyleScribeApp.swift */,
				36BFBA5C2BFD358B007D4770 /* SelectionView.swift */,
				36BFBA602BFE4E82007D4770 /* MaterialView.swift */,
				36BFBA082BFCEBB3007D4770 /* ContentView.swift */,
				36BFBA5A2BFD1C29007D4770 /* LazyGridView.swift */,
				36BFBA2F2BFD0F2A007D4770 /* ButtonView.swift */,
				36BFBA6A2C07831A007D4770 /* BrandPickerView.swift */,
				36BFBA622BFE5F5F007D4770 /* AdditionalDetailsView.swift */,
				36BFBA662BFFA272007D4770 /* ColorPickerView.swift */,
				36BFBA702C07B655007D4770 /* TitleView.swift */,
				36BFBA722C07C2A4007D4770 /* DescriptionView.swift */,
				36BFBA5E2BFD4486007D4770 /* SelectionSummaryView.swift */,
				36BFBA0A2BFCEBB4007D4770 /* Assets.xcassets */,
				36BFBA502BFD1433007D4770 /* ClothingCategories */,
				36BFBA222BFD064F007D4770 /* necklines */,
				36BFBA0C2BFCEBB4007D4770 /* Preview Content */,
				36BFBA642BFE60AA007D4770 /* BrandList.swift */,
				36BFBA142BFCEBF1007D4770 /* DescriptionData.swift */,
			);
			path = StyleScribe;
			sourceTree = "<group>";
		};
		36BFBA0C2BFCEBB4007D4770 /* Preview Content */ = {
			isa = PBXGroup;
			children = (
				36BFBA0D2BFCEBB4007D4770 /* Preview Assets.xcassets */,
			);
			path = "Preview Content";
			sourceTree = "<group>";
		};
		36BFBA222BFD064F007D4770 /* necklines */ = {
			isa = PBXGroup;
			children = (
				36BFBA162BFD064F007D4770 /* Asymmetric.png */,
				36BFBA172BFD064F007D4770 /* boat.png */,
				36BFBA182BFD064F007D4770 /* crewNeck.png */,
				36BFBA192BFD064F007D4770 /* illusion.png */,
				36BFBA1A2BFD064F007D4770 /* keyHole.png */,
				36BFBA1B2BFD064F007D4770 /* QueenAnne.png */,
				36BFBA1C2BFD064F007D4770 /* scoop.png */,
				36BFBA1D2BFD064F007D4770 /* semiSweetheart.png */,
				36BFBA1E2BFD064F007D4770 /* square.png */,
				36BFBA1F2BFD064F007D4770 /* sweetheart.png */,
				36BFBA202BFD064F007D4770 /* turtle.png */,
				36BFBA212BFD064F007D4770 /* vNeck.png */,
			);
			name = necklines;
			path = ../../../Downloads/necklines;
			sourceTree = "<group>";
		};
		36BFBA382BFD1423007D4770 /* ClothingCategories */ = {
			isa = PBXGroup;
			children = (
				36BFBA312BFD1423007D4770 /* Dresses.png */,
				36BFBA322BFD1423007D4770 /* Jackets.png */,
				36BFBA332BFD1423007D4770 /* Pants.png */,
				36BFBA342BFD1423007D4770 /* Shirts.png */,
				36BFBA352BFD1423007D4770 /* Shorts.png */,
				36BFBA362BFD1423007D4770 /* Skirts.png */,
				36BFBA372BFD1423007D4770 /* Sweaters.png */,
			);
			name = ClothingCategories;
			path = ../../Downloads/ClothingCategories;
			sourceTree = "<group>";
		};
		36BFBA502BFD1433007D4770 /* ClothingCategories */ = {
			isa = PBXGroup;
			children = (
				36BFBA572BFD1433007D4770 /* Dresses.png */,
				36BFBA552BFD1433007D4770 /* Jackets.png */,
				36BFBA562BFD1433007D4770 /* Pants.png */,
				36BFBA532BFD1433007D4770 /* Shirts.png */,
				36BFBA542BFD1433007D4770 /* Shorts.png */,
				36BFBA512BFD1433007D4770 /* Skirts.png */,
				36BFBA522BFD1433007D4770 /* Sweaters.png */,
			);
			path = ClothingCategories;
			sourceTree = "<group>";
		};
/* End PBXGroup section */

/* Begin PBXNativeTarget section */
		36BFBA022BFCEBB3007D4770 /* StyleScribe */ = {
			isa = PBXNativeTarget;
			buildConfigurationList = 36BFBA112BFCEBB4007D4770 /* Build configuration list for PBXNativeTarget "StyleScribe" */;
			buildPhases = (
				36BFB9FF2BFCEBB3007D4770 /* Sources */,
				36BFBA002BFCEBB3007D4770 /* Frameworks */,
				36BFBA012BFCEBB3007D4770 /* Resources */,
			);
			buildRules = (
			);
			dependencies = (
			);
			name = StyleScribe;
			productName = StyleScribe;
			productReference = 36BFBA032BFCEBB3007D4770 /* StyleScribe.app */;
			productType = "com.apple.product-type.application";
		};
/* End PBXNativeTarget section */

/* Begin PBXProject section */
		36BFB9FB2BFCEBB3007D4770 /* Project object */ = {
			isa = PBXProject;
			attributes = {
				BuildIndependentTargetsInParallel = 1;
				LastSwiftUpdateCheck = 1530;
				LastUpgradeCheck = 1530;
				TargetAttributes = {
					36BFBA022BFCEBB3007D4770 = {
						CreatedOnToolsVersion = 15.3;
					};
				};
			};
			buildConfigurationList = 36BFB9FE2BFCEBB3007D4770 /* Build configuration list for PBXProject "StyleScribe" */;
			compatibilityVersion = "Xcode 14.0";
			developmentRegion = en;
			hasScannedForEncodings = 0;
			knownRegions = (
				en,
				Base,
			);
			mainGroup = 36BFB9FA2BFCEBB3007D4770;
			productRefGroup = 36BFBA042BFCEBB3007D4770 /* Products */;
			projectDirPath = "";
			projectRoot = "";
			targets = (
				36BFBA022BFCEBB3007D4770 /* StyleScribe */,
			);
		};
/* End PBXProject section */

/* Begin PBXResourcesBuildPhase section */
		36BFBA012BFCEBB3007D4770 /* Resources */ = {
			isa = PBXResourcesBuildPhase;
			buildActionMask = 2147483647;
			files = (
				36BFBA282BFD064F007D4770 /* QueenAnne.png in Resources */,
				36BFBA2D2BFD064F007D4770 /* turtle.png in Resources */,
				36BFBA2C2BFD064F007D4770 /* sweetheart.png in Resources */,
				36BFBA3A2BFD1423007D4770 /* Jackets.png in Resources */,
				36BFBA292BFD064F007D4770 /* scoop.png in Resources */,
				36BFBA0E2BFCEBB4007D4770 /* Preview Assets.xcassets in Resources */,
				36BFBA2E2BFD064F007D4770 /* vNeck.png in Resources */,
				36BFBA252BFD064F007D4770 /* crewNeck.png in Resources */,
				36BFBA3D2BFD1423007D4770 /* Shorts.png in Resources */,
				36BFBA3E2BFD1423007D4770 /* Skirts.png in Resources */,
				36BFBA262BFD064F007D4770 /* illusion.png in Resources */,
				36BFBA242BFD064F007D4770 /* boat.png in Resources */,
				36BFBA232BFD064F007D4770 /* Asymmetric.png in Resources */,
				36BFBA3B2BFD1423007D4770 /* Pants.png in Resources */,
				36BFBA3C2BFD1423007D4770 /* Shirts.png in Resources */,
				36BFBA0B2BFCEBB4007D4770 /* Assets.xcassets in Resources */,
				36BFBA272BFD064F007D4770 /* keyHole.png in Resources */,
				36BFBA2A2BFD064F007D4770 /* semiSweetheart.png in Resources */,
				36BFBA3F2BFD1423007D4770 /* Sweaters.png in Resources */,
				36BFBA2B2BFD064F007D4770 /* square.png in Resources */,
				36BFBA392BFD1423007D4770 /* Dresses.png in Resources */,
			);
			runOnlyForDeploymentPostprocessing = 0;
		};
/* End PBXResourcesBuildPhase section */

/* Begin PBXSourcesBuildPhase section */
		36BFB9FF2BFCEBB3007D4770 /* Sources */ = {
			isa = PBXSourcesBuildPhase;
			buildActionMask = 2147483647;
			files = (
				36BFBA6B2C07831A007D4770 /* BrandPickerView.swift in Sources */,
				36BFBA732C07C2A4007D4770 /* DescriptionView.swift in Sources */,
				36BFBA5F2BFD4486007D4770 /* SelectionSummaryView.swift in Sources */,
				36BFBA152BFCEBF1007D4770 /* DescriptionData.swift in Sources */,
				36BFBA092BFCEBB3007D4770 /* ContentView.swift in Sources */,
				36BFBA302BFD0F2A007D4770 /* ButtonView.swift in Sources */,
				36BFBA5B2BFD1C29007D4770 /* LazyGridView.swift in Sources */,
				36BFBA652BFE60AA007D4770 /* BrandList.swift in Sources */,
				36BFBA072BFCEBB3007D4770 /* StyleScribeApp.swift in Sources */,
				36BFBA672BFFA272007D4770 /* ColorPickerView.swift in Sources */,
				36BFBA5D2BFD358B007D4770 /* SelectionView.swift in Sources */,
				36BFBA632BFE5F5F007D4770 /* AdditionalDetailsView.swift in Sources */,
				36BFBA712C07B655007D4770 /* TitleView.swift in Sources */,
				36BFBA612BFE4E82007D4770 /* MaterialView.swift in Sources */,
			);
			runOnlyForDeploymentPostprocessing = 0;
		};
/* End PBXSourcesBuildPhase section */

/* Begin XCBuildConfiguration section */
		36BFBA0F2BFCEBB4007D4770 /* Debug */ = {
			isa = XCBuildConfiguration;
			buildSettings = {
				ALWAYS_SEARCH_USER_PATHS = NO;
				ASSETCATALOG_COMPILER_GENERATE_SWIFT_ASSET_SYMBOL_EXTENSIONS = YES;
				CLANG_ANALYZER_NONNULL = YES;
				CLANG_ANALYZER_NUMBER_OBJECT_CONVERSION = YES_AGGRESSIVE;
				CLANG_CXX_LANGUAGE_STANDARD = "gnu++20";
				CLANG_ENABLE_MODULES = YES;
				CLANG_ENABLE_OBJC_ARC = YES;
				CLANG_ENABLE_OBJC_WEAK = YES;
				CLANG_WARN_BLOCK_CAPTURE_AUTORELEASING = YES;
				CLANG_WARN_BOOL_CONVERSION = YES;
				CLANG_WARN_COMMA = YES;
				CLANG_WARN_CONSTANT_CONVERSION = YES;
				CLANG_WARN_DEPRECATED_OBJC_IMPLEMENTATIONS = YES;
				CLANG_WARN_DIRECT_OBJC_ISA_USAGE = YES_ERROR;
				CLANG_WARN_DOCUMENTATION_COMMENTS = YES;
				CLANG_WARN_EMPTY_BODY = YES;
				CLANG_WARN_ENUM_CONVERSION = YES;
				CLANG_WARN_INFINITE_RECURSION = YES;
				CLANG_WARN_INT_CONVERSION = YES;
				CLANG_WARN_NON_LITERAL_NULL_CONVERSION = YES;
				CLANG_WARN_OBJC_IMPLICIT_RETAIN_SELF = YES;
				CLANG_WARN_OBJC_LITERAL_CONVERSION = YES;
				CLANG_WARN_OBJC_ROOT_CLASS = YES_ERROR;
				CLANG_WARN_QUOTED_INCLUDE_IN_FRAMEWORK_HEADER = YES;
				CLANG_WARN_RANGE_LOOP_ANALYSIS = YES;
				CLANG_WARN_STRICT_PROTOTYPES = YES;
				CLANG_WARN_SUSPICIOUS_MOVE = YES;
				CLANG_WARN_UNGUARDED_AVAILABILITY = YES_AGGRESSIVE;
				CLANG_WARN_UNREACHABLE_CODE = YES;
				CLANG_WARN__DUPLICATE_METHOD_MATCH = YES;
				COPY_PHASE_STRIP = NO;
				DEBUG_INFORMATION_FORMAT = dwarf;
				ENABLE_STRICT_OBJC_MSGSEND = YES;
				ENABLE_TESTABILITY = YES;
				ENABLE_USER_SCRIPT_SANDBOXING = YES;
				GCC_C_LANGUAGE_STANDARD = gnu17;
				GCC_DYNAMIC_NO_PIC = NO;
				GCC_NO_COMMON_BLOCKS = YES;
				GCC_OPTIMIZATION_LEVEL = 0;
				GCC_PREPROCESSOR_DEFINITIONS = (
					"DEBUG=1",
					"$(inherited)",
				);
				GCC_WARN_64_TO_32_BIT_CONVERSION = YES;
				GCC_WARN_ABOUT_RETURN_TYPE = YES_ERROR;
				GCC_WARN_UNDECLARED_SELECTOR = YES;
				GCC_WARN_UNINITIALIZED_AUTOS = YES_AGGRESSIVE;
				GCC_WARN_UNUSED_FUNCTION = YES;
				GCC_WARN_UNUSED_VARIABLE = YES;
				IPHONEOS_DEPLOYMENT_TARGET = 17.4;
				LOCALIZATION_PREFERS_STRING_CATALOGS = YES;
				MTL_ENABLE_DEBUG_INFO = INCLUDE_SOURCE;
				MTL_FAST_MATH = YES;
				ONLY_ACTIVE_ARCH = YES;
				SDKROOT = iphoneos;
				SWIFT_ACTIVE_COMPILATION_CONDITIONS = "DEBUG $(inherited)";
				SWIFT_OPTIMIZATION_LEVEL = "-Onone";
			};
			name = Debug;
		};
		36BFBA102BFCEBB4007D4770 /* Release */ = {
			isa = XCBuildConfiguration;
			buildSettings = {
				ALWAYS_SEARCH_USER_PATHS = NO;
				ASSETCATALOG_COMPILER_GENERATE_SWIFT_ASSET_SYMBOL_EXTENSIONS = YES;
				CLANG_ANALYZER_NONNULL = YES;
				CLANG_ANALYZER_NUMBER_OBJECT_CONVERSION = YES_AGGRESSIVE;
				CLANG_CXX_LANGUAGE_STANDARD = "gnu++20";
				CLANG_ENABLE_MODULES = YES;
				CLANG_ENABLE_OBJC_ARC = YES;
				CLANG_ENABLE_OBJC_WEAK = YES;
				CLANG_WARN_BLOCK_CAPTURE_AUTORELEASING = YES;
				CLANG_WARN_BOOL_CONVERSION = YES;
				CLANG_WARN_COMMA = YES;
				CLANG_WARN_CONSTANT_CONVERSION = YES;
				CLANG_WARN_DEPRECATED_OBJC_IMPLEMENTATIONS = YES;
				CLANG_WARN_DIRECT_OBJC_ISA_USAGE = YES_ERROR;
				CLANG_WARN_DOCUMENTATION_COMMENTS = YES;
				CLANG_WARN_EMPTY_BODY = YES;
				CLANG_WARN_ENUM_CONVERSION = YES;
				CLANG_WARN_INFINITE_RECURSION = YES;
				CLANG_WARN_INT_CONVERSION = YES;
				CLANG_WARN_NON_LITERAL_NULL_CONVERSION = YES;
				CLANG_WARN_OBJC_IMPLICIT_RETAIN_SELF = YES;
				CLANG_WARN_OBJC_LITERAL_CONVERSION = YES;
				CLANG_WARN_OBJC_ROOT_CLASS = YES_ERROR;
				CLANG_WARN_QUOTED_INCLUDE_IN_FRAMEWORK_HEADER = YES;
				CLANG_WARN_RANGE_LOOP_ANALYSIS = YES;
				CLANG_WARN_STRICT_PROTOTYPES = YES;
				CLANG_WARN_SUSPICIOUS_MOVE = YES;
				CLANG_WARN_UNGUARDED_AVAILABILITY = YES_AGGRESSIVE;
				CLANG_WARN_UNREACHABLE_CODE = YES;
				CLANG_WARN__DUPLICATE_METHOD_MATCH = YES;
				COPY_PHASE_STRIP = NO;
				DEBUG_INFORMATION_FORMAT = "dwarf-with-dsym";
				ENABLE_NS_ASSERTIONS = NO;
				ENABLE_STRICT_OBJC_MSGSEND = YES;
				ENABLE_USER_SCRIPT_SANDBOXING = YES;
				GCC_C_LANGUAGE_STANDARD = gnu17;
				GCC_NO_COMMON_BLOCKS = YES;
				GCC_WARN_64_TO_32_BIT_CONVERSION = YES;
				GCC_WARN_ABOUT_RETURN_TYPE = YES_ERROR;
				GCC_WARN_UNDECLARED_SELECTOR = YES;
				GCC_WARN_UNINITIALIZED_AUTOS = YES_AGGRESSIVE;
				GCC_WARN_UNUSED_FUNCTION = YES;
				GCC_WARN_UNUSED_VARIABLE = YES;
				IPHONEOS_DEPLOYMENT_TARGET = 17.4;
				LOCALIZATION_PREFERS_STRING_CATALOGS = YES;
				MTL_ENABLE_DEBUG_INFO = NO;
				MTL_FAST_MATH = YES;
				SDKROOT = iphoneos;
				SWIFT_COMPILATION_MODE = wholemodule;
				VALIDATE_PRODUCT = YES;
			};
			name = Release;
		};
		36BFBA122BFCEBB4007D4770 /* Debug */ = {
			isa = XCBuildConfiguration;
			buildSettings = {
				ASSETCATALOG_COMPILER_APPICON_NAME = AppIcon;
				ASSETCATALOG_COMPILER_GLOBAL_ACCENT_COLOR_NAME = AccentColor;
				CODE_SIGN_STYLE = Automatic;
				CURRENT_PROJECT_VERSION = 1;
				DEVELOPMENT_ASSET_PATHS = "\"StyleScribe/Preview Content\"";
				DEVELOPMENT_TEAM = TKQR4MTQ56;
				ENABLE_PREVIEWS = YES;
				GENERATE_INFOPLIST_FILE = YES;
				INFOPLIST_KEY_UIApplicationSceneManifest_Generation = YES;
				INFOPLIST_KEY_UIApplicationSupportsIndirectInputEvents = YES;
				INFOPLIST_KEY_UILaunchScreen_Generation = YES;
				INFOPLIST_KEY_UISupportedInterfaceOrientations_iPad = "UIInterfaceOrientationPortrait UIInterfaceOrientationPortraitUpsideDown UIInterfaceOrientationLandscapeLeft UIInterfaceOrientationLandscapeRight";
				INFOPLIST_KEY_UISupportedInterfaceOrientations_iPhone = "UIInterfaceOrientationPortrait UIInterfaceOrientationLandscapeLeft UIInterfaceOrientationLandscapeRight";
				LD_RUNPATH_SEARCH_PATHS = (
					"$(inherited)",
					"@executable_path/Frameworks",
				);
				MARKETING_VERSION = 1.0;
				PRODUCT_BUNDLE_IDENTIFIER = com.example.StyleScribe;
				PRODUCT_NAME = "$(TARGET_NAME)";
				SWIFT_EMIT_LOC_STRINGS = YES;
				SWIFT_VERSION = 5.0;
				TARGETED_DEVICE_FAMILY = "1,2";
			};
			name = Debug;
		};
		36BFBA132BFCEBB4007D4770 /* Release */ = {
			isa = XCBuildConfiguration;
			buildSettings = {
				ASSETCATALOG_COMPILER_APPICON_NAME = AppIcon;
				ASSETCATALOG_COMPILER_GLOBAL_ACCENT_COLOR_NAME = AccentColor;
				CODE_SIGN_STYLE = Automatic;
				CURRENT_PROJECT_VERSION = 1;
				DEVELOPMENT_ASSET_PATHS = "\"StyleScribe/Preview Content\"";
				DEVELOPMENT_TEAM = TKQR4MTQ56;
				ENABLE_PREVIEWS = YES;
				GENERATE_INFOPLIST_FILE = YES;
				INFOPLIST_KEY_UIApplicationSceneManifest_Generation = YES;
				INFOPLIST_KEY_UIApplicationSupportsIndirectInputEvents = YES;
				INFOPLIST_KEY_UILaunchScreen_Generation = YES;
				INFOPLIST_KEY_UISupportedInterfaceOrientations_iPad = "UIInterfaceOrientationPortrait UIInterfaceOrientationPortraitUpsideDown UIInterfaceOrientationLandscapeLeft UIInterfaceOrientationLandscapeRight";
				INFOPLIST_KEY_UISupportedInterfaceOrientations_iPhone = "UIInterfaceOrientationPortrait UIInterfaceOrientationLandscapeLeft UIInterfaceOrientationLandscapeRight";
				LD_RUNPATH_SEARCH_PATHS = (
					"$(inherited)",
					"@executable_path/Frameworks",
				);
				MARKETING_VERSION = 1.0;
				PRODUCT_BUNDLE_IDENTIFIER = com.example.StyleScribe;
				PRODUCT_NAME = "$(TARGET_NAME)";
				SWIFT_EMIT_LOC_STRINGS = YES;
				SWIFT_VERSION = 5.0;
				TARGETED_DEVICE_FAMILY = "1,2";
			};
			name = Release;
		};
/* End XCBuildConfiguration section */

/* Begin XCConfigurationList section */
		36BFB9FE2BFCEBB3007D4770 /* Build configuration list for PBXProject "StyleScribe" */ = {
			isa = XCConfigurationList;
			buildConfigurations = (
				36BFBA0F2BFCEBB4007D4770 /* Debug */,
				36BFBA102BFCEBB4007D4770 /* Release */,
			);
			defaultConfigurationIsVisible = 0;
			defaultConfigurationName = Release;
		};
		36BFBA112BFCEBB4007D4770 /* Build configuration list for PBXNativeTarget "StyleScribe" */ = {
			isa = XCConfigurationList;
			buildConfigurations = (
				36BFBA122BFCEBB4007D4770 /* Debug */,
				36BFBA132BFCEBB4007D4770 /* Release */,
			);
			defaultConfigurationIsVisible = 0;
			defaultConfigurationName = Release;
		};
/* End XCConfigurationList section */
	};
	rootObject = 36BFB9FB2BFCEBB3007D4770 /* Project object */;
}
